
Microsoft Visual Studio Solution File, Format Version 12.00
# Visual Studio Version 17
VisualStudioVersion = 17.3.32811.315
MinimumVisualStudioVersion = 10.0.40219.1
Project("{FAE04EC0-301F-11D3-BF4B-00C04F79EFBC}") = "WebAPI", "WebAPI\WebAPI.csproj", "{2B923E4C-C3BD-42B6-AF09-295EF7FB750C}"
EndProject
Global
	GlobalSection(SolutionConfigurationPlatforms) = preSolution
		Debug|Any CPU = Debug|Any CPU
		Release|Any CPU = Release|Any CPU
	EndGlobalSection
	GlobalSection(ProjectConfigurationPlatforms) = postSolution
		{2B923E4C-C3BD-42B6-AF09-295EF7FB750C}.Debug|Any CPU.ActiveCfg = Debug|Any CPU
		{2B923E4C-C3BD-42B6-AF09-295EF7FB750C}.Debug|Any CPU.Build.0 = Debug|Any CPU
		{2B923E4C-C3BD-42B6-AF09-295EF7FB750C}.Release|Any CPU.ActiveCfg = Release|Any CPU
		{2B923E4C-C3BD-42B6-AF09-295EF7FB750C}.Release|Any CPU.Build.0 = Release|Any CPU
	EndGlobalSection
	GlobalSection(SolutionProperties) = preSolution
		HideSolutionNode = FALSE
	EndGlobalSection
	GlobalSection(ExtensibilityGlobals) = postSolution
		SolutionGuid = {3FDD73F7-AA25-4738-95EA-BE91A61B9EE9}
	EndGlobalSection
EndGlobal
